
Microsoft Visual Studio Solution File, Format Version 12.00
# Visual Studio 15
VisualStudioVersion = 15.0.28010.0
MinimumVisualStudioVersion = 10.0.40219.1
Project("{FAE04EC0-301F-11D3-BF4B-00C04F79EFBC}") = "GUI_Admin", "Admin\GUI_Admin.csproj", "{2B2A47E4-C8F6-4000-BDEA-09D22A1B9E13}"
EndProject
Project("{FAE04EC0-301F-11D3-BF4B-00C04F79EFBC}") = "GUI_User", "User\GUI_User.csproj", "{DD8793E6-C659-4B71-901F-E093BFD49A53}"
EndProject
Project("{FAE04EC0-301F-11D3-BF4B-00C04F79EFBC}") = "BL", "BL\BL.csproj", "{1ACE2CC4-081A-4C2A-BE76-5A10CB615270}"
EndProject
Project("{FAE04EC0-301F-11D3-BF4B-00C04F79EFBC}") = "Exceptions", "Exceptions\Exceptions.csproj", "{75B04502-9BF6-467A-A071-9B2EBE176846}"
EndProject
Project("{FAE04EC0-301F-11D3-BF4B-00C04F79EFBC}") = "WcfAirlinesService", "WcfAirlinesService\WcfAirlinesService.csproj", "{D7D973FA-4697-4B30-9C06-B0FE0243F403}"
EndProject
Project("{FAE04EC0-301F-11D3-BF4B-00C04F79EFBC}") = "Entities", "Entities\Entities.csproj", "{3DEB014F-377D-4AAA-B049-E638642CF85D}"
EndProject
Project("{FAE04EC0-301F-11D3-BF4B-00C04F79EFBC}") = "DAL", "DAL\DAL.csproj", "{551906CC-854D-4C84-996F-4659D51AD1B9}"
EndProject
Project("{FAE04EC0-301F-11D3-BF4B-00C04F79EFBC}") = "Connection", "Connection\Connection.csproj", "{7CC77C36-2E71-4AA8-9640-6F7406205FFE}"
EndProject
Global
	GlobalSection(SolutionConfigurationPlatforms) = preSolution
		Debug|Any CPU = Debug|Any CPU
		Release|Any CPU = Release|Any CPU
	EndGlobalSection
	GlobalSection(ProjectConfigurationPlatforms) = postSolution
		{2B2A47E4-C8F6-4000-BDEA-09D22A1B9E13}.Debug|Any CPU.ActiveCfg = Debug|Any CPU
		{2B2A47E4-C8F6-4000-BDEA-09D22A1B9E13}.Debug|Any CPU.Build.0 = Debug|Any CPU
		{2B2A47E4-C8F6-4000-BDEA-09D22A1B9E13}.Release|Any CPU.ActiveCfg = Release|Any CPU
		{2B2A47E4-C8F6-4000-BDEA-09D22A1B9E13}.Release|Any CPU.Build.0 = Release|Any CPU
		{DD8793E6-C659-4B71-901F-E093BFD49A53}.Debug|Any CPU.ActiveCfg = Debug|Any CPU
		{DD8793E6-C659-4B71-901F-E093BFD49A53}.Debug|Any CPU.Build.0 = Debug|Any CPU
		{DD8793E6-C659-4B71-901F-E093BFD49A53}.Release|Any CPU.ActiveCfg = Release|Any CPU
		{DD8793E6-C659-4B71-901F-E093BFD49A53}.Release|Any CPU.Build.0 = Release|Any CPU
		{1ACE2CC4-081A-4C2A-BE76-5A10CB615270}.Debug|Any CPU.ActiveCfg = Debug|Any CPU
		{1ACE2CC4-081A-4C2A-BE76-5A10CB615270}.Debug|Any CPU.Build.0 = Debug|Any CPU
		{1ACE2CC4-081A-4C2A-BE76-5A10CB615270}.Release|Any CPU.ActiveCfg = Release|Any CPU
		{1ACE2CC4-081A-4C2A-BE76-5A10CB615270}.Release|Any CPU.Build.0 = Release|Any CPU
		{75B04502-9BF6-467A-A071-9B2EBE176846}.Debug|Any CPU.ActiveCfg = Debug|Any CPU
		{75B04502-9BF6-467A-A071-9B2EBE176846}.Debug|Any CPU.Build.0 = Debug|Any CPU
		{75B04502-9BF6-467A-A071-9B2EBE176846}.Release|Any CPU.ActiveCfg = Release|Any CPU
		{75B04502-9BF6-467A-A071-9B2EBE176846}.Release|Any CPU.Build.0 = Release|Any CPU
		{D7D973FA-4697-4B30-9C06-B0FE0243F403}.Debug|Any CPU.ActiveCfg = Debug|Any CPU
		{D7D973FA-4697-4B30-9C06-B0FE0243F403}.Debug|Any CPU.Build.0 = Debug|Any CPU
		{D7D973FA-4697-4B30-9C06-B0FE0243F403}.Release|Any CPU.ActiveCfg = Release|Any CPU
		{D7D973FA-4697-4B30-9C06-B0FE0243F403}.Release|Any CPU.Build.0 = Release|Any CPU
		{3DEB014F-377D-4AAA-B049-E638642CF85D}.Debug|Any CPU.ActiveCfg = Debug|Any CPU
		{3DEB014F-377D-4AAA-B049-E638642CF85D}.Debug|Any CPU.Build.0 = Debug|Any CPU
		{3DEB014F-377D-4AAA-B049-E638642CF85D}.Release|Any CPU.ActiveCfg = Release|Any CPU
		{3DEB014F-377D-4AAA-B049-E638642CF85D}.Release|Any CPU.Build.0 = Release|Any CPU
		{551906CC-854D-4C84-996F-4659D51AD1B9}.Debug|Any CPU.ActiveCfg = Debug|Any CPU
		{551906CC-854D-4C84-996F-4659D51AD1B9}.Debug|Any CPU.Build.0 = Debug|Any CPU
		{551906CC-854D-4C84-996F-4659D51AD1B9}.Release|Any CPU.ActiveCfg = Release|Any CPU
		{551906CC-854D-4C84-996F-4659D51AD1B9}.Release|Any CPU.Build.0 = Release|Any CPU
		{7CC77C36-2E71-4AA8-9640-6F7406205FFE}.Debug|Any CPU.ActiveCfg = Debug|Any CPU
		{7CC77C36-2E71-4AA8-9640-6F7406205FFE}.Debug|Any CPU.Build.0 = Debug|Any CPU
		{7CC77C36-2E71-4AA8-9640-6F7406205FFE}.Release|Any CPU.ActiveCfg = Release|Any CPU
		{7CC77C36-2E71-4AA8-9640-6F7406205FFE}.Release|Any CPU.Build.0 = Release|Any CPU
	EndGlobalSection
	GlobalSection(SolutionProperties) = preSolution
		HideSolutionNode = FALSE
	EndGlobalSection
	GlobalSection(ExtensibilityGlobals) = postSolution
		SolutionGuid = {A65C9E54-FB88-4EC8-9F67-7FA3C4D65EE0}
	EndGlobalSection
EndGlobal
